Microsoft Visual Studio Solution File, Format Version 12.00
# Visual Studio Version 16
VisualStudioVersion = 16.0.0.0
MinimumVisualStudioVersion = 16.0.0.0
Project("{9A19103F-16F7-4668-BE54-9A1E7A4F7556}") = "Frontend", "Frontend\Frontend.csproj", "{EFEC89CE-8537-43B5-AD0D-8DDAB1595DD0}"
EndProject
Project("{9A19103F-16F7-4668-BE54-9A1E7A4F7556}") = "Frontend.Client", "Frontend.Client\Frontend.Client.csproj", "{5CB5AD64-46B2-44AB-9210-252DD4FDDCF9}"
EndProject
Global
	GlobalSection(SolutionConfigurationPlatforms) = preSolution
		Debug|Any CPU = Debug|Any CPU
		Debug|x64 = Debug|x64
		Debug|x86 = Debug|x86
		Release|Any CPU = Release|Any CPU
		Release|x64 = Release|x64
		Release|x86 = Release|x86
	EndGlobalSection
	GlobalSection(ProjectConfigurationPlatforms) = postSolution
		{5CB5AD64-46B2-44AB-9210-252DD4FDDCF9}.Debug|Any CPU.ActiveCfg = Debug|Any CPU
		{5CB5AD64-46B2-44AB-9210-252DD4FDDCF9}.Debug|Any CPU.Build.0 = Debug|Any CPU
		{5CB5AD64-46B2-44AB-9210-252DD4FDDCF9}.Debug|x64.ActiveCfg = Debug|Any CPU
		{5CB5AD64-46B2-44AB-9210-252DD4FDDCF9}.Debug|x64.Build.0 = Debug|Any CPU
		{5CB5AD64-46B2-44AB-9210-252DD4FDDCF9}.Debug|x86.ActiveCfg = Debug|Any CPU
		{5CB5AD64-46B2-44AB-9210-252DD4FDDCF9}.Debug|x86.Build.0 = Debug|Any CPU
		{5CB5AD64-46B2-44AB-9210-252DD4FDDCF9}.Release|Any CPU.ActiveCfg = Release|Any CPU
		{5CB5AD64-46B2-44AB-9210-252DD4FDDCF9}.Release|Any CPU.Build.0 = Release|Any CPU
		{5CB5AD64-46B2-44AB-9210-252DD4FDDCF9}.Release|x64.ActiveCfg = Release|Any CPU
		{5CB5AD64-46B2-44AB-9210-252DD4FDDCF9}.Release|x64.Build.0 = Release|Any CPU
		{5CB5AD64-46B2-44AB-9210-252DD4FDDCF9}.Release|x86.ActiveCfg = Release|Any CPU
		{5CB5AD64-46B2-44AB-9210-252DD4FDDCF9}.Release|x86.Build.0 = Release|Any CPU
		{EFEC89CE-8537-43B5-AD0D-8DDAB1595DD0}.Debug|Any CPU.ActiveCfg = Debug|Any CPU
		{EFEC89CE-8537-43B5-AD0D-8DDAB1595DD0}.Debug|Any CPU.Build.0 = Debug|Any CPU
		{EFEC89CE-8537-43B5-AD0D-8DDAB1595DD0}.Debug|x64.ActiveCfg = Debug|Any CPU
		{EFEC89CE-8537-43B5-AD0D-8DDAB1595DD0}.Debug|x64.Build.0 = Debug|Any CPU
		{EFEC89CE-8537-43B5-AD0D-8DDAB1595DD0}.Debug|x86.ActiveCfg = Debug|Any CPU
		{EFEC89CE-8537-43B5-AD0D-8DDAB1595DD0}.Debug|x86.Build.0 = Debug|Any CPU
		{EFEC89CE-8537-43B5-AD0D-8DDAB1595DD0}.Release|Any CPU.ActiveCfg = Release|Any CPU
		{EFEC89CE-8537-43B5-AD0D-8DDAB1595DD0}.Release|Any CPU.Build.0 = Release|Any CPU
		{EFEC89CE-8537-43B5-AD0D-8DDAB1595DD0}.Release|x64.ActiveCfg = Release|Any CPU
		{EFEC89CE-8537-43B5-AD0D-8DDAB1595DD0}.Release|x64.Build.0 = Release|Any CPU
		{EFEC89CE-8537-43B5-AD0D-8DDAB1595DD0}.Release|x86.ActiveCfg = Release|Any CPU
		{EFEC89CE-8537-43B5-AD0D-8DDAB1595DD0}.Release|x86.Build.0 = Release|Any CPU
	EndGlobalSection
	GlobalSection(SolutionProperties) = preSolution
		HideSolutionNode = FALSE
	EndGlobalSection
	GlobalSection(ExtensibilityGlobals) = postSolution
		SolutionGuid = {198768B5-6A66-417D-8394-1C7C342CCDC6}
	EndGlobalSection
EndGlobal
